// !$*UTF8*$!
{
	archiveVersion = 1;
	classes = {
	};
	objectVersion = 50;
	objects = {

/* Begin PBXBuildFile section */
		3183CF0326F28FDD003DAFCE /* AnotherCoreDataDemo2App.swift in Sources */ = {isa = PBXBuildFile; fileRef = 3183CF0226F28FDD003DAFCE /* AnotherCoreDataDemo2App.swift */; };
		3183CF0526F28FDD003DAFCE /* ContentView.swift in Sources */ = {isa = PBXBuildFile; fileRef = 3183CF0426F28FDD003DAFCE /* ContentView.swift */; };
		3183CF0726F28FDE003DAFCE /* Assets.xcassets in Resources */ = {isa = PBXBuildFile; fileRef = 3183CF0626F28FDE003DAFCE /* Assets.xcassets */; };
		3183CF0A26F28FDE003DAFCE /* Preview Assets.xcassets in Resources */ = {isa = PBXBuildFile; fileRef = 3183CF0926F28FDE003DAFCE /* Preview Assets.xcassets */; };
		3183CF1526F29035003DAFCE /* CoreDataViewModel.swift in Sources */ = {isa = PBXBuildFile; fileRef = 3183CF1426F29035003DAFCE /* CoreDataViewModel.swift */; };
/* End PBXBuildFile section */

/* Begin PBXFileReference section */
		3183CEFF26F28FDD003DAFCE /* AnotherCoreDataDemo2.app */ = {isa = PBXFileReference; explicitFileType = wrapper.application; includeInIndex = 0; path = AnotherCoreDataDemo2.app; sourceTree = BUILT_PRODUCTS_DIR; };
		3183CF0226F28FDD003DAFCE /* AnotherCoreDataDemo2App.swift */ = {isa = PBXFileReference; lastKnownFileType = sourcecode.swift; path = AnotherCoreDataDemo2App.swift; sourceTree = "<group>"; };
		3183CF0426F28FDD003DAFCE /* ContentView.swift */ = {isa = PBXFileReference; lastKnownFileType = sourcecode.swift; path = ContentView.swift; sourceTree = "<group>"; };
		3183CF0626F28FDE003DAFCE /* Assets.xcassets */ = {isa = PBXFileReference; lastKnownFileType = folder.assetcatalog; path = Assets.xcassets; sourceTree = "<group>"; };
		3183CF0926F28FDE003DAFCE /* Preview Assets.xcassets */ = {isa = PBXFileReference; lastKnownFileType = folder.assetcatalog; path = "Preview Assets.xcassets"; sourceTree = "<group>"; };
		3183CF0B26F28FDF003DAFCE /* Info.plist */ = {isa = PBXFileReference; lastKnownFileType = text.plist.xml; path = Info.plist; sourceTree = "<group>"; };
		3183CF1426F29035003DAFCE /* CoreDataViewModel.swift */ = {isa = PBXFileReference; lastKnownFileType = sourcecode.swift; path = CoreDataViewModel.swift; sourceTree = "<group>"; };
/* End PBXFileReference section */

/* Begin PBXFrameworksBuildPhase section */
		3183CEFC26F28FDD003DAFCE /* Frameworks */ = {
			isa = PBXFrameworksBuildPhase;
			buildActionMask = 2147483647;
			files = (
			);
			runOnlyForDeploymentPostprocessing = 0;
		};
/* End PBXFrameworksBuildPhase section */

/* Begin PBXGroup section */
		3183CEF626F28FDD003DAFCE = {
			isa = PBXGroup;
			children = (
				3183CF0126F28FDD003DAFCE /* AnotherCoreDataDemo2 */,
				3183CF0026F28FDD003DAFCE /* Products */,
			);
			sourceTree = "<group>";
		};
		3183CF0026F28FDD003DAFCE /* Products */ = {
			isa = PBXGroup;
			children = (
				3183CEFF26F28FDD003DAFCE /* AnotherCoreDataDemo2.app */,
			);
			name = Products;
			sourceTree = "<group>";
		};
		3183CF0126F28FDD003DAFCE /* AnotherCoreDataDemo2 */ = {
			isa = PBXGroup;
			children = (
				3183CF1126F2900F003DAFCE /* Views */,
				3183CF1226F29014003DAFCE /* Models */,
				3183CF1326F29019003DAFCE /* ViewModels */,
				3183CF0226F28FDD003DAFCE /* AnotherCoreDataDemo2App.swift */,
				3183CF0626F28FDE003DAFCE /* Assets.xcassets */,
				3183CF0B26F28FDF003DAFCE /* Info.plist */,
				3183CF0826F28FDE003DAFCE /* Preview Content */,
			);
			path = AnotherCoreDataDemo2;
			sourceTree = "<group>";
		};
		3183CF0826F28FDE003DAFCE /* Preview Content */ = {
			isa = PBXGroup;
			children = (
				3183CF0926F28FDE003DAFCE /* Preview Assets.xcassets */,
			);
			path = "Preview Content";
			sourceTree = "<group>";
		};
		3183CF1126F2900F003DAFCE /* Views */ = {
			isa = PBXGroup;
			children = (
				3183CF0426F28FDD003DAFCE /* ContentView.swift */,
			);
			path = Views;
			sourceTree = "<group>";
		};
		3183CF1226F29014003DAFCE /* Models */ = {
			isa = PBXGroup;
			children = (
			);
			path = Models;
			sourceTree = "<group>";
		};
		3183CF1326F29019003DAFCE /* ViewModels */ = {
			isa = PBXGroup;
			children = (
				3183CF1426F29035003DAFCE /* CoreDataViewModel.swift */,
			);
			path = ViewModels;
			sourceTree = "<group>";
		};
/* End PBXGroup section */

/* Begin PBXNativeTarget section */
		3183CEFE26F28FDD003DAFCE /* AnotherCoreDataDemo2 */ = {
			isa = PBXNativeTarget;
			buildConfigurationList = 3183CF0E26F28FDF003DAFCE /* Build configuration list for PBXNativeTarget "AnotherCoreDataDemo2" */;
			buildPhases = (
				3183CEFB26F28FDD003DAFCE /* Sources */,
				3183CEFC26F28FDD003DAFCE /* Frameworks */,
				3183CEFD26F28FDD003DAFCE /* Resources */,
			);
			buildRules = (
			);
			dependencies = (
			);
			name = AnotherCoreDataDemo2;
			productName = AnotherCoreDataDemo2;
			productReference = 3183CEFF26F28FDD003DAFCE /* AnotherCoreDataDemo2.app */;
			productType = "com.apple.product-type.application";
		};
/* End PBXNativeTarget section */

/* Begin PBXProject section */
		3183CEF726F28FDD003DAFCE /* Project object */ = {
			isa = PBXProject;
			attributes = {
				LastSwiftUpdateCheck = 1250;
				LastUpgradeCheck = 1250;
				TargetAttributes = {
					3183CEFE26F28FDD003DAFCE = {
						CreatedOnToolsVersion = 12.5.1;
					};
				};
			};
			buildConfigurationList = 3183CEFA26F28FDD003DAFCE /* Build configuration list for PBXProject "AnotherCoreDataDemo2" */;
			compatibilityVersion = "Xcode 9.3";
			developmentRegion = en;
			hasScannedForEncodings = 0;
			knownRegions = (
				en,
				Base,
			);
			mainGroup = 3183CEF626F28FDD003DAFCE;
			productRefGroup = 3183CF0026F28FDD003DAFCE /* Products */;
			projectDirPath = "";
			projectRoot = "";
			targets = (
				3183CEFE26F28FDD003DAFCE /* AnotherCoreDataDemo2 */,
			);
		};
/* End PBXProject section */

/* Begin PBXResourcesBuildPhase section */
		3183CEFD26F28FDD003DAFCE /* Resources */ = {
			isa = PBXResourcesBuildPhase;
			buildActionMask = 2147483647;
			files = (
				3183CF0A26F28FDE003DAFCE /* Preview Assets.xcassets in Resources */,
				3183CF0726F28FDE003DAFCE /* Assets.xcassets in Resources */,
			);
			runOnlyForDeploymentPostprocessing = 0;
		};
/* End PBXResourcesBuildPhase section */

/* Begin PBXSourcesBuildPhase section */
		3183CEFB26F28FDD003DAFCE /* Sources */ = {
			isa = PBXSourcesBuildPhase;
			buildActionMask = 2147483647;
			files = (
				3183CF0526F28FDD003DAFCE /* ContentView.swift in Sources */,
				3183CF1526F29035003DAFCE /* CoreDataViewModel.swift in Sources */,
				3183CF0326F28FDD003DAFCE /* AnotherCoreDataDemo2App.swift in Sources */,
			);
			runOnlyForDeploymentPostprocessing = 0;
		};
/* End PBXSourcesBuildPhase section */

/* Begin XCBuildConfiguration section */
		3183CF0C26F28FDF003DAFCE /* Debug */ = {
			isa = XCBuildConfiguration;
			buildSettings = {
				ALWAYS_SEARCH_USER_PATHS = NO;
				CLANG_ANALYZER_NONNULL = YES;
				CLANG_ANALYZER_NUMBER_OBJECT_CONVERSION = YES_AGGRESSIVE;
				CLANG_CXX_LANGUAGE_STANDARD = "gnu++14";
				CLANG_CXX_LIBRARY = "libc++";
				CLANG_ENABLE_MODULES = YES;
				CLANG_ENABLE_OBJC_ARC = YES;
				CLANG_ENABLE_OBJC_WEAK = YES;
				CLANG_WARN_BLOCK_CAPTURE_AUTORELEASING = YES;
				CLANG_WARN_BOOL_CONVERSION = YES;
				CLANG_WARN_COMMA = YES;
				CLANG_WARN_CONSTANT_CONVERSION = YES;
				CLANG_WARN_DEPRECATED_OBJC_IMPLEMENTATIONS = YES;
				CLANG_WARN_DIRECT_OBJC_ISA_USAGE = YES_ERROR;
				CLANG_WARN_DOCUMENTATION_COMMENTS = YES;
				CLANG_WARN_EMPTY_BODY = YES;
				CLANG_WARN_ENUM_CONVERSION = YES;
				CLANG_WARN_INFINITE_RECURSION = YES;
				CLANG_WARN_INT_CONVERSION = YES;
				CLANG_WARN_NON_LITERAL_NULL_CONVERSION = YES;
				CLANG_WARN_OBJC_IMPLICIT_RETAIN_SELF = YES;
				CLANG_WARN_OBJC_LITERAL_CONVERSION = YES;
				CLANG_WARN_OBJC_ROOT_CLASS = YES_ERROR;
				CLANG_WARN_QUOTED_INCLUDE_IN_FRAMEWORK_HEADER = YES;
				CLANG_WARN_RANGE_LOOP_ANALYSIS = YES;
				CLANG_WARN_STRICT_PROTOTYPES = YES;
				CLANG_WARN_SUSPICIOUS_MOVE = YES;
				CLANG_WARN_UNGUARDED_AVAILABILITY = YES_AGGRESSIVE;
				CLANG_WARN_UNREACHABLE_CODE = YES;
				CLANG_WARN__DUPLICATE_METHOD_MATCH = YES;
				COPY_PHASE_STRIP = NO;
				DEBUG_INFORMATION_FORMAT = dwarf;
				ENABLE_STRICT_OBJC_MSGSEND = YES;
				ENABLE_TESTABILITY = YES;
				GCC_C_LANGUAGE_STANDARD = gnu11;
				GCC_DYNAMIC_NO_PIC = NO;
				GCC_NO_COMMON_BLOCKS = YES;
				GCC_OPTIMIZATION_LEVEL = 0;
				GCC_PREPROCESSOR_DEFINITIONS = (
					"DEBUG=1",
					"$(inherited)",
				);
				GCC_WARN_64_TO_32_BIT_CONVERSION = YES;
				GCC_WARN_ABOUT_RETURN_TYPE = YES_ERROR;
				GCC_WARN_UNDECLARED_SELECTOR = YES;
				GCC_WARN_UNINITIALIZED_AUTOS = YES_AGGRESSIVE;
				GCC_WARN_UNUSED_FUNCTION = YES;
				GCC_WARN_UNUSED_VARIABLE = YES;
				IPHONEOS_DEPLOYMENT_TARGET = 14.5;
				MTL_ENABLE_DEBUG_INFO = INCLUDE_SOURCE;
				MTL_FAST_MATH = YES;
				ONLY_ACTIVE_ARCH = YES;
				SDKROOT = iphoneos;
				SWIFT_ACTIVE_COMPILATION_CONDITIONS = DEBUG;
				SWIFT_OPTIMIZATION_LEVEL = "-Onone";
			};
			name = Debug;
		};
		3183CF0D26F28FDF003DAFCE /* Release */ = {
			isa = XCBuildConfiguration;
			buildSettings = {
				ALWAYS_SEARCH_USER_PATHS = NO;
				CLANG_ANALYZER_NONNULL = YES;
				CLANG_ANALYZER_NUMBER_OBJECT_CONVERSION = YES_AGGRESSIVE;
				CLANG_CXX_LANGUAGE_STANDARD = "gnu++14";
				CLANG_CXX_LIBRARY = "libc++";
				CLANG_ENABLE_MODULES = YES;
				CLANG_ENABLE_OBJC_ARC = YES;
				CLANG_ENABLE_OBJC_WEAK = YES;
				CLANG_WARN_BLOCK_CAPTURE_AUTORELEASING = YES;
				CLANG_WARN_BOOL_CONVERSION = YES;
				CLANG_WARN_COMMA = YES;
				CLANG_WARN_CONSTANT_CONVERSION = YES;
				CLANG_WARN_DEPRECATED_OBJC_IMPLEMENTATIONS = YES;
				CLANG_WARN_DIRECT_OBJC_ISA_USAGE = YES_ERROR;
				CLANG_WARN_DOCUMENTATION_COMMENTS = YES;
				CLANG_WARN_EMPTY_BODY = YES;
				CLANG_WARN_ENUM_CONVERSION = YES;
				CLANG_WARN_INFINITE_RECURSION = YES;
				CLANG_WARN_INT_CONVERSION = YES;
				CLANG_WARN_NON_LITERAL_NULL_CONVERSION = YES;
				CLANG_WARN_OBJC_IMPLICIT_RETAIN_SELF = YES;
				CLANG_WARN_OBJC_LITERAL_CONVERSION = YES;
				CLANG_WARN_OBJC_ROOT_CLASS = YES_ERROR;
				CLANG_WARN_QUOTED_INCLUDE_IN_FRAMEWORK_HEADER = YES;
				CLANG_WARN_RANGE_LOOP_ANALYSIS = YES;
				CLANG_WARN_STRICT_PROTOTYPES = YES;
				CLANG_WARN_SUSPICIOUS_MOVE = YES;
				CLANG_WARN_UNGUARDED_AVAILABILITY = YES_AGGRESSIVE;
				CLANG_WARN_UNREACHABLE_CODE = YES;
				CLANG_WARN__DUPLICATE_METHOD_MATCH = YES;
				COPY_PHASE_STRIP = NO;
				DEBUG_INFORMATION_FORMAT = "dwarf-with-dsym";
				ENABLE_NS_ASSERTIONS = NO;
				ENABLE_STRICT_OBJC_MSGSEND = YES;
				GCC_C_LANGUAGE_STANDARD = gnu11;
				GCC_NO_COMMON_BLOCKS = YES;
				GCC_WARN_64_TO_32_BIT_CONVERSION = YES;
				GCC_WARN_ABOUT_RETURN_TYPE = YES_ERROR;
				GCC_WARN_UNDECLARED_SELECTOR = YES;
				GCC_WARN_UNINITIALIZED_AUTOS = YES_AGGRESSIVE;
				GCC_WARN_UNUSED_FUNCTION = YES;
				GCC_WARN_UNUSED_VARIABLE = YES;
				IPHONEOS_DEPLOYMENT_TARGET = 14.5;
				MTL_ENABLE_DEBUG_INFO = NO;
				MTL_FAST_MATH = YES;
				SDKROOT = iphoneos;
				SWIFT_COMPILATION_MODE = wholemodule;
				SWIFT_OPTIMIZATION_LEVEL = "-O";
				VALIDATE_PRODUCT = YES;
			};
			name = Release;
		};
		3183CF0F26F28FDF003DAFCE /* Debug */ = {
			isa = XCBuildConfiguration;
			buildSettings = {
				ASSETCATALOG_COMPILER_APPICON_NAME = AppIcon;
				ASSETCATALOG_COMPILER_GLOBAL_ACCENT_COLOR_NAME = AccentColor;
				CODE_SIGN_STYLE = Automatic;
				DEVELOPMENT_ASSET_PATHS = "\"AnotherCoreDataDemo2/Preview Content\"";
				DEVELOPMENT_TEAM = 8V7SM7HTXT;
				ENABLE_PREVIEWS = YES;
				INFOPLIST_FILE = AnotherCoreDataDemo2/Info.plist;
				IPHONEOS_DEPLOYMENT_TARGET = 14.0;
				LD_RUNPATH_SEARCH_PATHS = (
					"$(inherited)",
					"@executable_path/Frameworks",
				);
				PRODUCT_BUNDLE_IDENTIFIER = com.frederickjavalera.AnotherCoreDataDemo2;
				PRODUCT_NAME = "$(TARGET_NAME)";
				SWIFT_VERSION = 5.0;
				TARGETED_DEVICE_FAMILY = "1,2";
			};
			name = Debug;
		};
		3183CF1026F28FDF003DAFCE /* Release */ = {
			isa = XCBuildConfiguration;
			buildSettings = {
				ASSETCATALOG_COMPILER_APPICON_NAME = AppIcon;
				ASSETCATALOG_COMPILER_GLOBAL_ACCENT_COLOR_NAME = AccentColor;
				CODE_SIGN_STYLE = Automatic;
				DEVELOPMENT_ASSET_PATHS = "\"AnotherCoreDataDemo2/Preview Content\"";
				DEVELOPMENT_TEAM = 8V7SM7HTXT;
				ENABLE_PREVIEWS = YES;
				INFOPLIST_FILE = AnotherCoreDataDemo2/Info.plist;
				IPHONEOS_DEPLOYMENT_TARGET = 14.0;
				LD_RUNPATH_SEARCH_PATHS = (
					"$(inherited)",
					"@executable_path/Frameworks",
				);
				PRODUCT_BUNDLE_IDENTIFIER = com.frederickjavalera.AnotherCoreDataDemo2;
				PRODUCT_NAME = "$(TARGET_NAME)";
				SWIFT_VERSION = 5.0;
				TARGETED_DEVICE_FAMILY = "1,2";
			};
			name = Release;
		};
/* End XCBuildConfiguration section */

/* Begin XCConfigurationList section */
		3183CEFA26F28FDD003DAFCE /* Build configuration list for PBXProject "AnotherCoreDataDemo2" */ = {
			isa = XCConfigurationList;
			buildConfigurations = (
				3183CF0C26F28FDF003DAFCE /* Debug */,
				3183CF0D26F28FDF003DAFCE /* Release */,
			);
			defaultConfigurationIsVisible = 0;
			defaultConfigurationName = Release;
		};
		3183CF0E26F28FDF003DAFCE /* Build configuration list for PBXNativeTarget "AnotherCoreDataDemo2" */ = {
			isa = XCConfigurationList;
			buildConfigurations = (
				3183CF0F26F28FDF003DAFCE /* Debug */,
				3183CF1026F28FDF003DAFCE /* Release */,
			);
			defaultConfigurationIsVisible = 0;
			defaultConfigurationName = Release;
		};
/* End XCConfigurationList section */
	};
	rootObject = 3183CEF726F28FDD003DAFCE /* Project object */;
}
